
Microsoft Visual Studio Solution File, Format Version 12.00
# Visual Studio Version 16
VisualStudioVersion = 16.0.29324.140
MinimumVisualStudioVersion = 10.0.40219.1
Project("{FAE04EC0-301F-11D3-BF4B-00C04F79EFBC}") = "Simplic.EPL", "Simplic.EPL\Simplic.EPL.csproj", "{96E575F1-2787-4EA7-A9F2-2872B340D9FA}"
EndProject
Project("{FAE04EC0-301F-11D3-BF4B-00C04F79EFBC}") = "Simplic.EPLDesigner", "Simplic.EPLDesigner\Simplic.EPLDesigner.csproj", "{AF475FC5-D746-42C0-BD2B-D812F99EA279}"
EndProject
Project("{FAE04EC0-301F-11D3-BF4B-00C04F79EFBC}") = "Simplic.EPLEditor", "Simplic.EPLEditor\Simplic.EPLEditor.csproj", "{B9DA1564-5AA6-4AD9-AE1F-2BC4863DCE6F}"
EndProject
Project("{2150E333-8FDC-42A3-9474-1A3956D46DE8}") = "ENV", "ENV", "{4042DDAE-43CA-4ADE-A0FF-29E068C48C5A}"
	ProjectSection(SolutionItems) = preProject
		..\azure-pipelines.yml = ..\azure-pipelines.yml
	EndProjectSection
EndProject
Global
	GlobalSection(SolutionConfigurationPlatforms) = preSolution
		Debug|Any CPU = Debug|Any CPU
		Release|Any CPU = Release|Any CPU
	EndGlobalSection
	GlobalSection(ProjectConfigurationPlatforms) = postSolution
		{96E575F1-2787-4EA7-A9F2-2872B340D9FA}.Debug|Any CPU.ActiveCfg = Debug|Any CPU
		{96E575F1-2787-4EA7-A9F2-2872B340D9FA}.Debug|Any CPU.Build.0 = Debug|Any CPU
		{96E575F1-2787-4EA7-A9F2-2872B340D9FA}.Release|Any CPU.ActiveCfg = Release|Any CPU
		{96E575F1-2787-4EA7-A9F2-2872B340D9FA}.Release|Any CPU.Build.0 = Release|Any CPU
		{AF475FC5-D746-42C0-BD2B-D812F99EA279}.Debug|Any CPU.ActiveCfg = Debug|Any CPU
		{AF475FC5-D746-42C0-BD2B-D812F99EA279}.Debug|Any CPU.Build.0 = Debug|Any CPU
		{AF475FC5-D746-42C0-BD2B-D812F99EA279}.Release|Any CPU.ActiveCfg = Release|Any CPU
		{AF475FC5-D746-42C0-BD2B-D812F99EA279}.Release|Any CPU.Build.0 = Release|Any CPU
		{B9DA1564-5AA6-4AD9-AE1F-2BC4863DCE6F}.Debug|Any CPU.ActiveCfg = Debug|Any CPU
		{B9DA1564-5AA6-4AD9-AE1F-2BC4863DCE6F}.Debug|Any CPU.Build.0 = Debug|Any CPU
		{B9DA1564-5AA6-4AD9-AE1F-2BC4863DCE6F}.Release|Any CPU.ActiveCfg = Release|Any CPU
		{B9DA1564-5AA6-4AD9-AE1F-2BC4863DCE6F}.Release|Any CPU.Build.0 = Release|Any CPU
	EndGlobalSection
	GlobalSection(SolutionProperties) = preSolution
		HideSolutionNode = FALSE
	EndGlobalSection
	GlobalSection(ExtensibilityGlobals) = postSolution
		SolutionGuid = {205DD623-A916-4675-8B88-E11C238A578A}
	EndGlobalSection
EndGlobal
